
Microsoft Visual Studio Solution File, Format Version 12.00
# Visual Studio Version 17
VisualStudioVersion = 17.2.32526.322
MinimumVisualStudioVersion = 10.0.40219.1
Project("{9A19103F-16F7-4668-BE54-9A1E7A4F7556}") = "Domain", "Domain\Domain.csproj", "{27F89A49-30AD-49D2-8A8E-B2B6F93DBBE1}"
EndProject
Project("{9A19103F-16F7-4668-BE54-9A1E7A4F7556}") = "Persistence.Security", "Persistence.Security\Persistence.Security.csproj", "{E1C1F1D3-F35A-47B4-B20B-84BD1690DCC1}"
EndProject
Project("{9A19103F-16F7-4668-BE54-9A1E7A4F7556}") = "Persistence.Security.ManagedIdentity", "Persistence.Security.ManagedIdentity\Persistence.Security.ManagedIdentity.csproj", "{37458EDC-EC1B-4636-B728-C2547DC552E8}"
EndProject
Project("{9A19103F-16F7-4668-BE54-9A1E7A4F7556}") = "Persistence.Cosmos", "Persistence.Cosmos\Persistence.Cosmos.csproj", "{87384752-A527-4FA1-A7E2-CE3C3330F3FD}"
EndProject
Project("{9A19103F-16F7-4668-BE54-9A1E7A4F7556}") = "Persistence.Cosmos.Domain", "Persistence.Cosmos.Domain\Persistence.Cosmos.Domain.csproj", "{6B40D684-3E8C-4053-B35F-C01FF0AB00B7}"
EndProject
Project("{9A19103F-16F7-4668-BE54-9A1E7A4F7556}") = "Persistence.Cosmos.Query", "Persistence.Cosmos.Query\Persistence.Cosmos.Query.csproj", "{6CFB3D73-ED82-4DD9-923C-6BBF3B886469}"
EndProject
Project("{9A19103F-16F7-4668-BE54-9A1E7A4F7556}") = "Persistence.Dapper", "Persistence.Dapper\Persistence.Dapper.csproj", "{5A6D8C51-4992-48D1-8C3A-8DC929B0D527}"
EndProject
Project("{9A19103F-16F7-4668-BE54-9A1E7A4F7556}") = "Persistence.Dapper.Domain", "Persistence.Dapper.Domain\Persistence.Dapper.Domain.csproj", "{065C47BC-2D43-4264-97C0-8BB9ECB2B06D}"
EndProject
Project("{2150E333-8FDC-42A3-9474-1A3956D46DE8}") = "Specs", "Specs", "{860403CB-76EA-4408-9951-F444BC048EC1}"
EndProject
Project("{9A19103F-16F7-4668-BE54-9A1E7A4F7556}") = "Domain.Bdd", "Domain.Bdd\Domain.Bdd.csproj", "{90401A63-05EF-4937-975E-C2CFE7220280}"
EndProject
Project("{9A19103F-16F7-4668-BE54-9A1E7A4F7556}") = "Persistence.Blob", "Persistence.Blob\Persistence.Blob.csproj", "{481FA3DA-BEAF-4FAC-A135-76A063611B79}"
EndProject
Project("{9A19103F-16F7-4668-BE54-9A1E7A4F7556}") = "Persistence.Blob.Domain", "Persistence.Blob.Domain\Persistence.Blob.Domain.csproj", "{E10BC4B3-DDC6-46F0-B380-A96E940DC9B8}"
EndProject
Project("{2150E333-8FDC-42A3-9474-1A3956D46DE8}") = "Cosmos", "Cosmos", "{1A0A5AA9-4425-48C9-AF53-E09BAAF90843}"
EndProject
Project("{2150E333-8FDC-42A3-9474-1A3956D46DE8}") = "Dapper", "Dapper", "{0B7DD446-65D0-4CA8-8ED2-065F616098E9}"
EndProject
Project("{2150E333-8FDC-42A3-9474-1A3956D46DE8}") = "Blob", "Blob", "{3B071770-823F-40FF-AD72-5FCDC0F6D9A6}"
EndProject
Project("{9A19103F-16F7-4668-BE54-9A1E7A4F7556}") = "Persistence.Cosmos.Document", "Persistence.Cosmos.Document\Persistence.Cosmos.Document.csproj", "{9C069177-B229-407C-A99D-43321BC7F1C7}"
EndProject
Project("{9A19103F-16F7-4668-BE54-9A1E7A4F7556}") = "Persistence.Cosmos.Query.Sql", "Persistence.Cosmos.Query.Sql\Persistence.Cosmos.Query.Sql.csproj", "{3CAD69A3-BD9C-4700-93E1-FF015A6B0D18}"
EndProject
Project("{9A19103F-16F7-4668-BE54-9A1E7A4F7556}") = "Persistence.Cosmos.Security.ManagedIdentity", "Persistence.Cosmos.Security.ManagedIdentity\Persistence.Cosmos.Security.ManagedIdentity.csproj", "{06EFCD99-C8B1-4A76-9B5A-FFB770D48268}"
EndProject
Project("{9A19103F-16F7-4668-BE54-9A1E7A4F7556}") = "Persistence.Cosmos.Security.KeyAccess", "Persistence.Cosmos.Security.KeyAccess\Persistence.Cosmos.Security.KeyAccess.csproj", "{82D6A0B0-6298-438B-8A8E-3A87DA63D617}"
EndProject
Project("{9A19103F-16F7-4668-BE54-9A1E7A4F7556}") = "NodaTime.Dapper", "NodaTime.Dapper\NodaTime.Dapper.csproj", "{B30AFF39-3983-4B88-B47C-E6ED67D31656}"
EndProject
Project("{2150E333-8FDC-42A3-9474-1A3956D46DE8}") = "Build", "Build", "{7F5101A7-EAC4-40AB-B7B0-C8A4BCC59509}"
	ProjectSection(SolutionItems) = preProject
		.github\workflows\build.yaml = .github\workflows\build.yaml
	EndProjectSection
EndProject
Project("{FAE04EC0-301F-11D3-BF4B-00C04F79EFBC}") = "Cosmos.Bdd", "Specs\Cosmos.Bdd\Cosmos.Bdd.csproj", "{9C506D71-CFEB-43A7-B7B0-97F4F269CD48}"
EndProject
Project("{FAE04EC0-301F-11D3-BF4B-00C04F79EFBC}") = "Domain", "Specs\Domain\Domain.csproj", "{7047C85B-C62C-42FA-890C-D2BD5F3C7359}"
EndProject
Project("{FAE04EC0-301F-11D3-BF4B-00C04F79EFBC}") = "Persistence", "Specs\Persistence\Persistence.csproj", "{676B6B54-4C17-4765-BB64-4ACD46563BB0}"
EndProject
Project("{FAE04EC0-301F-11D3-BF4B-00C04F79EFBC}") = "Persistence.Blob", "Specs\Persistence.Blob\Persistence.Blob.csproj", "{EC6AFC17-3AC4-41EF-ADF3-FEDA5C7E37FC}"
EndProject
Project("{FAE04EC0-301F-11D3-BF4B-00C04F79EFBC}") = "Persistence.Cosmos", "Specs\Persistence.Cosmos\Persistence.Cosmos.csproj", "{6E3407D3-7616-431C-857D-AF611A6CADC5}"
EndProject
Project("{FAE04EC0-301F-11D3-BF4B-00C04F79EFBC}") = "Persistence.Dapper", "Specs\Persistence.Dapper\Persistence.Dapper.csproj", "{58E58B34-7951-48E4-A14B-EBD7333FE4E2}"
EndProject
Project("{FAE04EC0-301F-11D3-BF4B-00C04F79EFBC}") = "Dapper.Bdd", "Dapper.Bdd\Dapper.Bdd.csproj", "{DA7F265F-2272-4982-A551-4977B199CDB2}"
EndProject
Global
	GlobalSection(SolutionConfigurationPlatforms) = preSolution
		Debug|Any CPU = Debug|Any CPU
		Release|Any CPU = Release|Any CPU
	EndGlobalSection
	GlobalSection(ProjectConfigurationPlatforms) = postSolution
		{27F89A49-30AD-49D2-8A8E-B2B6F93DBBE1}.Debug|Any CPU.ActiveCfg = Debug|Any CPU
		{27F89A49-30AD-49D2-8A8E-B2B6F93DBBE1}.Debug|Any CPU.Build.0 = Debug|Any CPU
		{27F89A49-30AD-49D2-8A8E-B2B6F93DBBE1}.Release|Any CPU.ActiveCfg = Release|Any CPU
		{27F89A49-30AD-49D2-8A8E-B2B6F93DBBE1}.Release|Any CPU.Build.0 = Release|Any CPU
		{E1C1F1D3-F35A-47B4-B20B-84BD1690DCC1}.Debug|Any CPU.ActiveCfg = Debug|Any CPU
		{E1C1F1D3-F35A-47B4-B20B-84BD1690DCC1}.Debug|Any CPU.Build.0 = Debug|Any CPU
		{E1C1F1D3-F35A-47B4-B20B-84BD1690DCC1}.Release|Any CPU.ActiveCfg = Release|Any CPU
		{E1C1F1D3-F35A-47B4-B20B-84BD1690DCC1}.Release|Any CPU.Build.0 = Release|Any CPU
		{37458EDC-EC1B-4636-B728-C2547DC552E8}.Debug|Any CPU.ActiveCfg = Debug|Any CPU
		{37458EDC-EC1B-4636-B728-C2547DC552E8}.Debug|Any CPU.Build.0 = Debug|Any CPU
		{37458EDC-EC1B-4636-B728-C2547DC552E8}.Release|Any CPU.ActiveCfg = Release|Any CPU
		{37458EDC-EC1B-4636-B728-C2547DC552E8}.Release|Any CPU.Build.0 = Release|Any CPU
		{87384752-A527-4FA1-A7E2-CE3C3330F3FD}.Debug|Any CPU.ActiveCfg = Debug|Any CPU
		{87384752-A527-4FA1-A7E2-CE3C3330F3FD}.Debug|Any CPU.Build.0 = Debug|Any CPU
		{87384752-A527-4FA1-A7E2-CE3C3330F3FD}.Release|Any CPU.ActiveCfg = Release|Any CPU
		{87384752-A527-4FA1-A7E2-CE3C3330F3FD}.Release|Any CPU.Build.0 = Release|Any CPU
		{6B40D684-3E8C-4053-B35F-C01FF0AB00B7}.Debug|Any CPU.ActiveCfg = Debug|Any CPU
		{6B40D684-3E8C-4053-B35F-C01FF0AB00B7}.Debug|Any CPU.Build.0 = Debug|Any CPU
		{6B40D684-3E8C-4053-B35F-C01FF0AB00B7}.Release|Any CPU.ActiveCfg = Release|Any CPU
		{6B40D684-3E8C-4053-B35F-C01FF0AB00B7}.Release|Any CPU.Build.0 = Release|Any CPU
		{6CFB3D73-ED82-4DD9-923C-6BBF3B886469}.Debug|Any CPU.ActiveCfg = Debug|Any CPU
		{6CFB3D73-ED82-4DD9-923C-6BBF3B886469}.Debug|Any CPU.Build.0 = Debug|Any CPU
		{6CFB3D73-ED82-4DD9-923C-6BBF3B886469}.Release|Any CPU.ActiveCfg = Release|Any CPU
		{6CFB3D73-ED82-4DD9-923C-6BBF3B886469}.Release|Any CPU.Build.0 = Release|Any CPU
		{5A6D8C51-4992-48D1-8C3A-8DC929B0D527}.Debug|Any CPU.ActiveCfg = Debug|Any CPU
		{5A6D8C51-4992-48D1-8C3A-8DC929B0D527}.Debug|Any CPU.Build.0 = Debug|Any CPU
		{5A6D8C51-4992-48D1-8C3A-8DC929B0D527}.Release|Any CPU.ActiveCfg = Release|Any CPU
		{5A6D8C51-4992-48D1-8C3A-8DC929B0D527}.Release|Any CPU.Build.0 = Release|Any CPU
		{065C47BC-2D43-4264-97C0-8BB9ECB2B06D}.Debug|Any CPU.ActiveCfg = Debug|Any CPU
		{065C47BC-2D43-4264-97C0-8BB9ECB2B06D}.Debug|Any CPU.Build.0 = Debug|Any CPU
		{065C47BC-2D43-4264-97C0-8BB9ECB2B06D}.Release|Any CPU.ActiveCfg = Release|Any CPU
		{065C47BC-2D43-4264-97C0-8BB9ECB2B06D}.Release|Any CPU.Build.0 = Release|Any CPU
		{90401A63-05EF-4937-975E-C2CFE7220280}.Debug|Any CPU.ActiveCfg = Debug|Any CPU
		{90401A63-05EF-4937-975E-C2CFE7220280}.Debug|Any CPU.Build.0 = Debug|Any CPU
		{90401A63-05EF-4937-975E-C2CFE7220280}.Release|Any CPU.ActiveCfg = Release|Any CPU
		{90401A63-05EF-4937-975E-C2CFE7220280}.Release|Any CPU.Build.0 = Release|Any CPU
		{481FA3DA-BEAF-4FAC-A135-76A063611B79}.Debug|Any CPU.ActiveCfg = Debug|Any CPU
		{481FA3DA-BEAF-4FAC-A135-76A063611B79}.Debug|Any CPU.Build.0 = Debug|Any CPU
		{481FA3DA-BEAF-4FAC-A135-76A063611B79}.Release|Any CPU.ActiveCfg = Release|Any CPU
		{481FA3DA-BEAF-4FAC-A135-76A063611B79}.Release|Any CPU.Build.0 = Release|Any CPU
		{E10BC4B3-DDC6-46F0-B380-A96E940DC9B8}.Debug|Any CPU.ActiveCfg = Debug|Any CPU
		{E10BC4B3-DDC6-46F0-B380-A96E940DC9B8}.Debug|Any CPU.Build.0 = Debug|Any CPU
		{E10BC4B3-DDC6-46F0-B380-A96E940DC9B8}.Release|Any CPU.ActiveCfg = Release|Any CPU
		{E10BC4B3-DDC6-46F0-B380-A96E940DC9B8}.Release|Any CPU.Build.0 = Release|Any CPU
		{9C069177-B229-407C-A99D-43321BC7F1C7}.Debug|Any CPU.ActiveCfg = Debug|Any CPU
		{9C069177-B229-407C-A99D-43321BC7F1C7}.Debug|Any CPU.Build.0 = Debug|Any CPU
		{9C069177-B229-407C-A99D-43321BC7F1C7}.Release|Any CPU.ActiveCfg = Release|Any CPU
		{9C069177-B229-407C-A99D-43321BC7F1C7}.Release|Any CPU.Build.0 = Release|Any CPU
		{3CAD69A3-BD9C-4700-93E1-FF015A6B0D18}.Debug|Any CPU.ActiveCfg = Debug|Any CPU
		{3CAD69A3-BD9C-4700-93E1-FF015A6B0D18}.Debug|Any CPU.Build.0 = Debug|Any CPU
		{3CAD69A3-BD9C-4700-93E1-FF015A6B0D18}.Release|Any CPU.ActiveCfg = Release|Any CPU
		{3CAD69A3-BD9C-4700-93E1-FF015A6B0D18}.Release|Any CPU.Build.0 = Release|Any CPU
		{06EFCD99-C8B1-4A76-9B5A-FFB770D48268}.Debug|Any CPU.ActiveCfg = Debug|Any CPU
		{06EFCD99-C8B1-4A76-9B5A-FFB770D48268}.Debug|Any CPU.Build.0 = Debug|Any CPU
		{06EFCD99-C8B1-4A76-9B5A-FFB770D48268}.Release|Any CPU.ActiveCfg = Release|Any CPU
		{06EFCD99-C8B1-4A76-9B5A-FFB770D48268}.Release|Any CPU.Build.0 = Release|Any CPU
		{82D6A0B0-6298-438B-8A8E-3A87DA63D617}.Debug|Any CPU.ActiveCfg = Debug|Any CPU
		{82D6A0B0-6298-438B-8A8E-3A87DA63D617}.Debug|Any CPU.Build.0 = Debug|Any CPU
		{82D6A0B0-6298-438B-8A8E-3A87DA63D617}.Release|Any CPU.ActiveCfg = Release|Any CPU
		{82D6A0B0-6298-438B-8A8E-3A87DA63D617}.Release|Any CPU.Build.0 = Release|Any CPU
		{B30AFF39-3983-4B88-B47C-E6ED67D31656}.Debug|Any CPU.ActiveCfg = Debug|Any CPU
		{B30AFF39-3983-4B88-B47C-E6ED67D31656}.Debug|Any CPU.Build.0 = Debug|Any CPU
		{B30AFF39-3983-4B88-B47C-E6ED67D31656}.Release|Any CPU.ActiveCfg = Release|Any CPU
		{B30AFF39-3983-4B88-B47C-E6ED67D31656}.Release|Any CPU.Build.0 = Release|Any CPU
		{9C506D71-CFEB-43A7-B7B0-97F4F269CD48}.Debug|Any CPU.ActiveCfg = Debug|Any CPU
		{9C506D71-CFEB-43A7-B7B0-97F4F269CD48}.Debug|Any CPU.Build.0 = Debug|Any CPU
		{9C506D71-CFEB-43A7-B7B0-97F4F269CD48}.Release|Any CPU.ActiveCfg = Release|Any CPU
		{9C506D71-CFEB-43A7-B7B0-97F4F269CD48}.Release|Any CPU.Build.0 = Release|Any CPU
		{7047C85B-C62C-42FA-890C-D2BD5F3C7359}.Debug|Any CPU.ActiveCfg = Debug|Any CPU
		{7047C85B-C62C-42FA-890C-D2BD5F3C7359}.Debug|Any CPU.Build.0 = Debug|Any CPU
		{7047C85B-C62C-42FA-890C-D2BD5F3C7359}.Release|Any CPU.ActiveCfg = Release|Any CPU
		{7047C85B-C62C-42FA-890C-D2BD5F3C7359}.Release|Any CPU.Build.0 = Release|Any CPU
		{676B6B54-4C17-4765-BB64-4ACD46563BB0}.Debug|Any CPU.ActiveCfg = Debug|Any CPU
		{676B6B54-4C17-4765-BB64-4ACD46563BB0}.Debug|Any CPU.Build.0 = Debug|Any CPU
		{676B6B54-4C17-4765-BB64-4ACD46563BB0}.Release|Any CPU.ActiveCfg = Release|Any CPU
		{676B6B54-4C17-4765-BB64-4ACD46563BB0}.Release|Any CPU.Build.0 = Release|Any CPU
		{EC6AFC17-3AC4-41EF-ADF3-FEDA5C7E37FC}.Debug|Any CPU.ActiveCfg = Debug|Any CPU
		{EC6AFC17-3AC4-41EF-ADF3-FEDA5C7E37FC}.Debug|Any CPU.Build.0 = Debug|Any CPU
		{EC6AFC17-3AC4-41EF-ADF3-FEDA5C7E37FC}.Release|Any CPU.ActiveCfg = Release|Any CPU
		{EC6AFC17-3AC4-41EF-ADF3-FEDA5C7E37FC}.Release|Any CPU.Build.0 = Release|Any CPU
		{6E3407D3-7616-431C-857D-AF611A6CADC5}.Debug|Any CPU.ActiveCfg = Debug|Any CPU
		{6E3407D3-7616-431C-857D-AF611A6CADC5}.Debug|Any CPU.Build.0 = Debug|Any CPU
		{6E3407D3-7616-431C-857D-AF611A6CADC5}.Release|Any CPU.ActiveCfg = Release|Any CPU
		{6E3407D3-7616-431C-857D-AF611A6CADC5}.Release|Any CPU.Build.0 = Release|Any CPU
		{58E58B34-7951-48E4-A14B-EBD7333FE4E2}.Debug|Any CPU.ActiveCfg = Debug|Any CPU
		{58E58B34-7951-48E4-A14B-EBD7333FE4E2}.Debug|Any CPU.Build.0 = Debug|Any CPU
		{58E58B34-7951-48E4-A14B-EBD7333FE4E2}.Release|Any CPU.ActiveCfg = Release|Any CPU
		{58E58B34-7951-48E4-A14B-EBD7333FE4E2}.Release|Any CPU.Build.0 = Release|Any CPU
		{DA7F265F-2272-4982-A551-4977B199CDB2}.Debug|Any CPU.ActiveCfg = Debug|Any CPU
		{DA7F265F-2272-4982-A551-4977B199CDB2}.Debug|Any CPU.Build.0 = Debug|Any CPU
		{DA7F265F-2272-4982-A551-4977B199CDB2}.Release|Any CPU.ActiveCfg = Release|Any CPU
		{DA7F265F-2272-4982-A551-4977B199CDB2}.Release|Any CPU.Build.0 = Release|Any CPU
	EndGlobalSection
	GlobalSection(SolutionProperties) = preSolution
		HideSolutionNode = FALSE
	EndGlobalSection
	GlobalSection(NestedProjects) = preSolution
		{87384752-A527-4FA1-A7E2-CE3C3330F3FD} = {1A0A5AA9-4425-48C9-AF53-E09BAAF90843}
		{6B40D684-3E8C-4053-B35F-C01FF0AB00B7} = {1A0A5AA9-4425-48C9-AF53-E09BAAF90843}
		{6CFB3D73-ED82-4DD9-923C-6BBF3B886469} = {1A0A5AA9-4425-48C9-AF53-E09BAAF90843}
		{5A6D8C51-4992-48D1-8C3A-8DC929B0D527} = {0B7DD446-65D0-4CA8-8ED2-065F616098E9}
		{065C47BC-2D43-4264-97C0-8BB9ECB2B06D} = {0B7DD446-65D0-4CA8-8ED2-065F616098E9}
		{481FA3DA-BEAF-4FAC-A135-76A063611B79} = {3B071770-823F-40FF-AD72-5FCDC0F6D9A6}
		{E10BC4B3-DDC6-46F0-B380-A96E940DC9B8} = {3B071770-823F-40FF-AD72-5FCDC0F6D9A6}
		{9C069177-B229-407C-A99D-43321BC7F1C7} = {1A0A5AA9-4425-48C9-AF53-E09BAAF90843}
		{3CAD69A3-BD9C-4700-93E1-FF015A6B0D18} = {1A0A5AA9-4425-48C9-AF53-E09BAAF90843}
		{06EFCD99-C8B1-4A76-9B5A-FFB770D48268} = {1A0A5AA9-4425-48C9-AF53-E09BAAF90843}
		{82D6A0B0-6298-438B-8A8E-3A87DA63D617} = {1A0A5AA9-4425-48C9-AF53-E09BAAF90843}
		{B30AFF39-3983-4B88-B47C-E6ED67D31656} = {0B7DD446-65D0-4CA8-8ED2-065F616098E9}
		{9C506D71-CFEB-43A7-B7B0-97F4F269CD48} = {860403CB-76EA-4408-9951-F444BC048EC1}
		{7047C85B-C62C-42FA-890C-D2BD5F3C7359} = {860403CB-76EA-4408-9951-F444BC048EC1}
		{676B6B54-4C17-4765-BB64-4ACD46563BB0} = {860403CB-76EA-4408-9951-F444BC048EC1}
		{EC6AFC17-3AC4-41EF-ADF3-FEDA5C7E37FC} = {860403CB-76EA-4408-9951-F444BC048EC1}
		{6E3407D3-7616-431C-857D-AF611A6CADC5} = {860403CB-76EA-4408-9951-F444BC048EC1}
		{58E58B34-7951-48E4-A14B-EBD7333FE4E2} = {860403CB-76EA-4408-9951-F444BC048EC1}
		{DA7F265F-2272-4982-A551-4977B199CDB2} = {0B7DD446-65D0-4CA8-8ED2-065F616098E9}
	EndGlobalSection
	GlobalSection(ExtensibilityGlobals) = postSolution
		SolutionGuid = {0E0ABA15-EA0C-4674-AB27-8721165FBA00}
	EndGlobalSection
EndGlobal

